// !$*UTF8*$!
{
	archiveVersion = 1;
	classes = {
	};
	objectVersion = 46;
	objects = {

/* Begin PBXBuildFile section */
		E2253B081ED40D580080C06D /* AppDelegate.swift in Sources */ = {isa = PBXBuildFile; fileRef = E2253B071ED40D580080C06D /* AppDelegate.swift */; };
		E2253B0A1ED40D580080C06D /* ViewController.swift in Sources */ = {isa = PBXBuildFile; fileRef = E2253B091ED40D580080C06D /* ViewController.swift */; };
		E2253B0D1ED40D580080C06D /* Main.storyboard in Resources */ = {isa = PBXBuildFile; fileRef = E2253B0B1ED40D580080C06D /* Main.storyboard */; };
		E2253B0F1ED40D580080C06D /* Assets.xcassets in Resources */ = {isa = PBXBuildFile; fileRef = E2253B0E1ED40D580080C06D /* Assets.xcassets */; };
		E2253B121ED40D580080C06D /* LaunchScreen.storyboard in Resources */ = {isa = PBXBuildFile; fileRef = E2253B101ED40D580080C06D /* LaunchScreen.storyboard */; };
		E2253B1D1ED40D580080C06D /* Tabbed_LibraryTests.swift in Sources */ = {isa = PBXBuildFile; fileRef = E2253B1C1ED40D580080C06D /* Tabbed_LibraryTests.swift */; };
		E2253B281ED40D580080C06D /* Tabbed_LibraryUITests.swift in Sources */ = {isa = PBXBuildFile; fileRef = E2253B271ED40D580080C06D /* Tabbed_LibraryUITests.swift */; };
/* End PBXBuildFile section */

/* Begin PBXContainerItemProxy section */
		E2253B191ED40D580080C06D /* PBXContainerItemProxy */ = {
			isa = PBXContainerItemProxy;
			containerPortal = E2253AFC1ED40D580080C06D /* Project object */;
			proxyType = 1;
			remoteGlobalIDString = E2253B031ED40D580080C06D;
			remoteInfo = "Tabbed Library";
		};
		E2253B241ED40D580080C06D /* PBXContainerItemProxy */ = {
			isa = PBXContainerItemProxy;
			containerPortal = E2253AFC1ED40D580080C06D /* Project object */;
			proxyType = 1;
			remoteGlobalIDString = E2253B031ED40D580080C06D;
			remoteInfo = "Tabbed Library";
		};
/* End PBXContainerItemProxy section */

/* Begin PBXFileReference section */
		E2253B041ED40D580080C06D /* Tabbed Library.app */ = {isa = PBXFileReference; explicitFileType = wrapper.application; includeInIndex = 0; path = "Tabbed Library.app"; sourceTree = BUILT_PRODUCTS_DIR; };
		E2253B071ED40D580080C06D /* AppDelegate.swift */ = {isa = PBXFileReference; lastKnownFileType = sourcecode.swift; path = AppDelegate.swift; sourceTree = "<group>"; };
		E2253B091ED40D580080C06D /* ViewController.swift */ = {isa = PBXFileReference; lastKnownFileType = sourcecode.swift; path = ViewController.swift; sourceTree = "<group>"; };
		E2253B0C1ED40D580080C06D /* Base */ = {isa = PBXFileReference; lastKnownFileType = file.storyboard; name = Base; path = Base.lproj/Main.storyboard; sourceTree = "<group>"; };
		E2253B0E1ED40D580080C06D /* Assets.xcassets */ = {isa = PBXFileReference; lastKnownFileType = folder.assetcatalog; path = Assets.xcassets; sourceTree = "<group>"; };
		E2253B111ED40D580080C06D /* Base */ = {isa = PBXFileReference; lastKnownFileType = file.storyboard; name = Base; path = Base.lproj/LaunchScreen.storyboard; sourceTree = "<group>"; };
		E2253B131ED40D580080C06D /* Info.plist */ = {isa = PBXFileReference; lastKnownFileType = text.plist.xml; path = Info.plist; sourceTree = "<group>"; };
		E2253B181ED40D580080C06D /* Tabbed LibraryTests.xctest */ = {isa = PBXFileReference; explicitFileType = wrapper.cfbundle; includeInIndex = 0; path = "Tabbed LibraryTests.xctest"; sourceTree = BUILT_PRODUCTS_DIR; };
		E2253B1C1ED40D580080C06D /* Tabbed_LibraryTests.swift */ = {isa = PBXFileReference; lastKnownFileType = sourcecode.swift; path = Tabbed_LibraryTests.swift; sourceTree = "<group>"; };
		E2253B1E1ED40D580080C06D /* Info.plist */ = {isa = PBXFileReference; lastKnownFileType = text.plist.xml; path = Info.plist; sourceTree = "<group>"; };
		E2253B231ED40D580080C06D /* Tabbed LibraryUITests.xctest */ = {isa = PBXFileReference; explicitFileType = wrapper.cfbundle; includeInIndex = 0; path = "Tabbed LibraryUITests.xctest"; sourceTree = BUILT_PRODUCTS_DIR; };
		E2253B271ED40D580080C06D /* Tabbed_LibraryUITests.swift */ = {isa = PBXFileReference; lastKnownFileType = sourcecode.swift; path = Tabbed_LibraryUITests.swift; sourceTree = "<group>"; };
		E2253B291ED40D580080C06D /* Info.plist */ = {isa = PBXFileReference; lastKnownFileType = text.plist.xml; path = Info.plist; sourceTree = "<group>"; };
/* End PBXFileReference section */

/* Begin PBXFrameworksBuildPhase section */
		E2253B011ED40D580080C06D /* Frameworks */ = {
			isa = PBXFrameworksBuildPhase;
			buildActionMask = 2147483647;
			files = (
			);
			runOnlyForDeploymentPostprocessing = 0;
		};
		E2253B151ED40D580080C06D /* Frameworks */ = {
			isa = PBXFrameworksBuildPhase;
			buildActionMask = 2147483647;
			files = (
			);
			runOnlyForDeploymentPostprocessing = 0;
		};
		E2253B201ED40D580080C06D /* Frameworks */ = {
			isa = PBXFrameworksBuildPhase;
			buildActionMask = 2147483647;
			files = (
			);
			runOnlyForDeploymentPostprocessing = 0;
		};
/* End PBXFrameworksBuildPhase section */

/* Begin PBXGroup section */
		E2253AFB1ED40D580080C06D = {
			isa = PBXGroup;
			children = (
				E2253B061ED40D580080C06D /* Tabbed Library */,
				E2253B1B1ED40D580080C06D /* Tabbed LibraryTests */,
				E2253B261ED40D580080C06D /* Tabbed LibraryUITests */,
				E2253B051ED40D580080C06D /* Products */,
			);
			sourceTree = "<group>";
		};
		E2253B051ED40D580080C06D /* Products */ = {
			isa = PBXGroup;
			children = (
				E2253B041ED40D580080C06D /* Tabbed Library.app */,
				E2253B181ED40D580080C06D /* Tabbed LibraryTests.xctest */,
				E2253B231ED40D580080C06D /* Tabbed LibraryUITests.xctest */,
			);
			name = Products;
			sourceTree = "<group>";
		};
		E2253B061ED40D580080C06D /* Tabbed Library */ = {
			isa = PBXGroup;
			children = (
				E2253B071ED40D580080C06D /* AppDelegate.swift */,
				E2253B091ED40D580080C06D /* ViewController.swift */,
				E2253B0B1ED40D580080C06D /* Main.storyboard */,
				E2253B0E1ED40D580080C06D /* Assets.xcassets */,
				E2253B101ED40D580080C06D /* LaunchScreen.storyboard */,
				E2253B131ED40D580080C06D /* Info.plist */,
			);
			path = "Tabbed Library";
			sourceTree = "<group>";
		};
		E2253B1B1ED40D580080C06D /* Tabbed LibraryTests */ = {
			isa = PBXGroup;
			children = (
				E2253B1C1ED40D580080C06D /* Tabbed_LibraryTests.swift */,
				E2253B1E1ED40D580080C06D /* Info.plist */,
			);
			path = "Tabbed LibraryTests";
			sourceTree = "<group>";
		};
		E2253B261ED40D580080C06D /* Tabbed LibraryUITests */ = {
			isa = PBXGroup;
			children = (
				E2253B271ED40D580080C06D /* Tabbed_LibraryUITests.swift */,
				E2253B291ED40D580080C06D /* Info.plist */,
			);
			path = "Tabbed LibraryUITests";
			sourceTree = "<group>";
		};
/* End PBXGroup section */

/* Begin PBXNativeTarget section */
		E2253B031ED40D580080C06D /* Tabbed Library */ = {
			isa = PBXNativeTarget;
			buildConfigurationList = E2253B2C1ED40D580080C06D /* Build configuration list for PBXNativeTarget "Tabbed Library" */;
			buildPhases = (
				E2253B001ED40D580080C06D /* Sources */,
				E2253B011ED40D580080C06D /* Frameworks */,
				E2253B021ED40D580080C06D /* Resources */,
			);
			buildRules = (
			);
			dependencies = (
			);
			name = "Tabbed Library";
			productName = "Tabbed Library";
			productReference = E2253B041ED40D580080C06D /* Tabbed Library.app */;
			productType = "com.apple.product-type.application";
		};
		E2253B171ED40D580080C06D /* Tabbed LibraryTests */ = {
			isa = PBXNativeTarget;
			buildConfigurationList = E2253B2F1ED40D580080C06D /* Build configuration list for PBXNativeTarget "Tabbed LibraryTests" */;
			buildPhases = (
				E2253B141ED40D580080C06D /* Sources */,
				E2253B151ED40D580080C06D /* Frameworks */,
				E2253B161ED40D580080C06D /* Resources */,
			);
			buildRules = (
			);
			dependencies = (
				E2253B1A1ED40D580080C06D /* PBXTargetDependency */,
			);
			name = "Tabbed LibraryTests";
			productName = "Tabbed LibraryTests";
			productReference = E2253B181ED40D580080C06D /* Tabbed LibraryTests.xctest */;
			productType = "com.apple.product-type.bundle.unit-test";
		};
		E2253B221ED40D580080C06D /* Tabbed LibraryUITests */ = {
			isa = PBXNativeTarget;
			buildConfigurationList = E2253B321ED40D580080C06D /* Build configuration list for PBXNativeTarget "Tabbed LibraryUITests" */;
			buildPhases = (
				E2253B1F1ED40D580080C06D /* Sources */,
				E2253B201ED40D580080C06D /* Frameworks */,
				E2253B211ED40D580080C06D /* Resources */,
			);
			buildRules = (
			);
			dependencies = (
				E2253B251ED40D580080C06D /* PBXTargetDependency */,
			);
			name = "Tabbed LibraryUITests";
			productName = "Tabbed LibraryUITests";
			productReference = E2253B231ED40D580080C06D /* Tabbed LibraryUITests.xctest */;
			productType = "com.apple.product-type.bundle.ui-testing";
		};
/* End PBXNativeTarget section */

/* Begin PBXProject section */
		E2253AFC1ED40D580080C06D /* Project object */ = {
			isa = PBXProject;
			attributes = {
				LastSwiftUpdateCheck = 0830;
				LastUpgradeCheck = 0830;
				ORGANIZATIONNAME = zgpeace;
				TargetAttributes = {
					E2253B031ED40D580080C06D = {
						CreatedOnToolsVersion = 8.3.2;
						ProvisioningStyle = Automatic;
					};
					E2253B171ED40D580080C06D = {
						CreatedOnToolsVersion = 8.3.2;
						ProvisioningStyle = Automatic;
						TestTargetID = E2253B031ED40D580080C06D;
					};
					E2253B221ED40D580080C06D = {
						CreatedOnToolsVersion = 8.3.2;
						ProvisioningStyle = Automatic;
						TestTargetID = E2253B031ED40D580080C06D;
					};
				};
			};
			buildConfigurationList = E2253AFF1ED40D580080C06D /* Build configuration list for PBXProject "Tabbed Library" */;
			compatibilityVersion = "Xcode 3.2";
			developmentRegion = English;
			hasScannedForEncodings = 0;
			knownRegions = (
				en,
				Base,
			);
			mainGroup = E2253AFB1ED40D580080C06D;
			productRefGroup = E2253B051ED40D580080C06D /* Products */;
			projectDirPath = "";
			projectRoot = "";
			targets = (
				E2253B031ED40D580080C06D /* Tabbed Library */,
				E2253B171ED40D580080C06D /* Tabbed LibraryTests */,
				E2253B221ED40D580080C06D /* Tabbed LibraryUITests */,
			);
		};
/* End PBXProject section */

/* Begin PBXResourcesBuildPhase section */
		E2253B021ED40D580080C06D /* Resources */ = {
			isa = PBXResourcesBuildPhase;
			buildActionMask = 2147483647;
			files = (
				E2253B121ED40D580080C06D /* LaunchScreen.storyboard in Resources */,
				E2253B0F1ED40D580080C06D /* Assets.xcassets in Resources */,
				E2253B0D1ED40D580080C06D /* Main.storyboard in Resources */,
			);
			runOnlyForDeploymentPostprocessing = 0;
		};
		E2253B161ED40D580080C06D /* Resources */ = {
			isa = PBXResourcesBuildPhase;
			buildActionMask = 2147483647;
			files = (
			);
			runOnlyForDeploymentPostprocessing = 0;
		};
		E2253B211ED40D580080C06D /* Resources */ = {
			isa = PBXResourcesBuildPhase;
			buildActionMask = 2147483647;
			files = (
			);
			runOnlyForDeploymentPostprocessing = 0;
		};
/* End PBXResourcesBuildPhase section */

/* Begin PBXSourcesBuildPhase section */
		E2253B001ED40D580080C06D /* Sources */ = {
			isa = PBXSourcesBuildPhase;
			buildActionMask = 2147483647;
			files = (
				E2253B0A1ED40D580080C06D /* ViewController.swift in Sources */,
				E2253B081ED40D580080C06D /* AppDelegate.swift in Sources */,
			);
			runOnlyForDeploymentPostprocessing = 0;
		};
		E2253B141ED40D580080C06D /* Sources */ = {
			isa = PBXSourcesBuildPhase;
			buildActionMask = 2147483647;
			files = (
				E2253B1D1ED40D580080C06D /* Tabbed_LibraryTests.swift in Sources */,
			);
			runOnlyForDeploymentPostprocessing = 0;
		};
		E2253B1F1ED40D580080C06D /* Sources */ = {
			isa = PBXSourcesBuildPhase;
			buildActionMask = 2147483647;
			files = (
				E2253B281ED40D580080C06D /* Tabbed_LibraryUITests.swift in Sources */,
			);
			runOnlyForDeploymentPostprocessing = 0;
		};
/* End PBXSourcesBuildPhase section */

/* Begin PBXTargetDependency section */
		E2253B1A1ED40D580080C06D /* PBXTargetDependency */ = {
			isa = PBXTargetDependency;
			target = E2253B031ED40D580080C06D /* Tabbed Library */;
			targetProxy = E2253B191ED40D580080C06D /* PBXContainerItemProxy */;
		};
		E2253B251ED40D580080C06D /* PBXTargetDependency */ = {
			isa = PBXTargetDependency;
			target = E2253B031ED40D580080C06D /* Tabbed Library */;
			targetProxy = E2253B241ED40D580080C06D /* PBXContainerItemProxy */;
		};
/* End PBXTargetDependency section */

/* Begin PBXVariantGroup section */
		E2253B0B1ED40D580080C06D /* Main.storyboard */ = {
			isa = PBXVariantGroup;
			children = (
				E2253B0C1ED40D580080C06D /* Base */,
			);
			name = Main.storyboard;
			sourceTree = "<group>";
		};
		E2253B101ED40D580080C06D /* LaunchScreen.storyboard */ = {
			isa = PBXVariantGroup;
			children = (
				E2253B111ED40D580080C06D /* Base */,
			);
			name = LaunchScreen.storyboard;
			sourceTree = "<group>";
		};
/* End PBXVariantGroup section */

/* Begin XCBuildConfiguration section */
		E2253B2A1ED40D580080C06D /* Debug */ = {
			isa = XCBuildConfiguration;
			buildSettings = {
				ALWAYS_SEARCH_USER_PATHS = NO;
				CLANG_ANALYZER_NONNULL = YES;
				CLANG_ANALYZER_NUMBER_OBJECT_CONVERSION = YES_AGGRESSIVE;
				CLANG_CXX_LANGUAGE_STANDARD = "gnu++0x";
				CLANG_CXX_LIBRARY = "libc++";
				CLANG_ENABLE_MODULES = YES;
				CLANG_ENABLE_OBJC_ARC = YES;
				CLANG_WARN_BOOL_CONVERSION = YES;
				CLANG_WARN_CONSTANT_CONVERSION = YES;
				CLANG_WARN_DIRECT_OBJC_ISA_USAGE = YES_ERROR;
				CLANG_WARN_DOCUMENTATION_COMMENTS = YES;
				CLANG_WARN_EMPTY_BODY = YES;
				CLANG_WARN_ENUM_CONVERSION = YES;
				CLANG_WARN_INFINITE_RECURSION = YES;
				CLANG_WARN_INT_CONVERSION = YES;
				CLANG_WARN_OBJC_ROOT_CLASS = YES_ERROR;
				CLANG_WARN_SUSPICIOUS_MOVE = YES;
				CLANG_WARN_UNREACHABLE_CODE = YES;
				CLANG_WARN__DUPLICATE_METHOD_MATCH = YES;
				"CODE_SIGN_IDENTITY[sdk=iphoneos*]" = "iPhone Developer";
				COPY_PHASE_STRIP = NO;
				DEBUG_INFORMATION_FORMAT = dwarf;
				ENABLE_STRICT_OBJC_MSGSEND = YES;
				ENABLE_TESTABILITY = YES;
				GCC_C_LANGUAGE_STANDARD = gnu99;
				GCC_DYNAMIC_NO_PIC = NO;
				GCC_NO_COMMON_BLOCKS = YES;
				GCC_OPTIMIZATION_LEVEL = 0;
				GCC_PREPROCESSOR_DEFINITIONS = (
					"DEBUG=1",
					"$(inherited)",
				);
				GCC_WARN_64_TO_32_BIT_CONVERSION = YES;
				GCC_WARN_ABOUT_RETURN_TYPE = YES_ERROR;
				GCC_WARN_UNDECLARED_SELECTOR = YES;
				GCC_WARN_UNINITIALIZED_AUTOS = YES_AGGRESSIVE;
				GCC_WARN_UNUSED_FUNCTION = YES;
				GCC_WARN_UNUSED_VARIABLE = YES;
				IPHONEOS_DEPLOYMENT_TARGET = 10.3;
				MTL_ENABLE_DEBUG_INFO = YES;
				ONLY_ACTIVE_ARCH = YES;
				SDKROOT = iphoneos;
				SWIFT_ACTIVE_COMPILATION_CONDITIONS = DEBUG;
				SWIFT_OPTIMIZATION_LEVEL = "-Onone";
			};
			name = Debug;
		};
		E2253B2B1ED40D580080C06D /* Release */ = {
			isa = XCBuildConfiguration;
			buildSettings = {
				ALWAYS_SEARCH_USER_PATHS = NO;
				CLANG_ANALYZER_NONNULL = YES;
				CLANG_ANALYZER_NUMBER_OBJECT_CONVERSION = YES_AGGRESSIVE;
				CLANG_CXX_LANGUAGE_STANDARD = "gnu++0x";
				CLANG_CXX_LIBRARY = "libc++";
				CLANG_ENABLE_MODULES = YES;
				CLANG_ENABLE_OBJC_ARC = YES;
				CLANG_WARN_BOOL_CONVERSION = YES;
				CLANG_WARN_CONSTANT_CONVERSION = YES;
				CLANG_WARN_DIRECT_OBJC_ISA_USAGE = YES_ERROR;
				CLANG_WARN_DOCUMENTATION_COMMENTS = YES;
				CLANG_WARN_EMPTY_BODY = YES;
				CLANG_WARN_ENUM_CONVERSION = YES;
				CLANG_WARN_INFINITE_RECURSION = YES;
				CLANG_WARN_INT_CONVERSION = YES;
				CLANG_WARN_OBJC_ROOT_CLASS = YES_ERROR;
				CLANG_WARN_SUSPICIOUS_MOVE = YES;
				CLANG_WARN_UNREACHABLE_CODE = YES;
				CLANG_WARN__DUPLICATE_METHOD_MATCH = YES;
				"CODE_SIGN_IDENTITY[sdk=iphoneos*]" = "iPhone Developer";
				COPY_PHASE_STRIP = NO;
				DEBUG_INFORMATION_FORMAT = "dwarf-with-dsym";
				ENABLE_NS_ASSERTIONS = NO;
				ENABLE_STRICT_OBJC_MSGSEND = YES;
				GCC_C_LANGUAGE_STANDARD = gnu99;
				GCC_NO_COMMON_BLOCKS = YES;
				GCC_WARN_64_TO_32_BIT_CONVERSION = YES;
				GCC_WARN_ABOUT_RETURN_TYPE = YES_ERROR;
				GCC_WARN_UNDECLARED_SELECTOR = YES;
				GCC_WARN_UNINITIALIZED_AUTOS = YES_AGGRESSIVE;
				GCC_WARN_UNUSED_FUNCTION = YES;
				GCC_WARN_UNUSED_VARIABLE = YES;
				IPHONEOS_DEPLOYMENT_TARGET = 10.3;
				MTL_ENABLE_DEBUG_INFO = NO;
				SDKROOT = iphoneos;
				SWIFT_OPTIMIZATION_LEVEL = "-Owholemodule";
				VALIDATE_PRODUCT = YES;
			};
			name = Release;
		};
		E2253B2D1ED40D580080C06D /* Debug */ = {
			isa = XCBuildConfiguration;
			buildSettings = {
				ASSETCATALOG_COMPILER_APPICON_NAME = AppIcon;
				INFOPLIST_FILE = "Tabbed Library/Info.plist";
				LD_RUNPATH_SEARCH_PATHS = "$(inherited) @executable_path/Frameworks";
				PRODUCT_BUNDLE_IDENTIFIER = "com.zgpeace.Tabbed-Library";
				PRODUCT_NAME = "$(TARGET_NAME)";
				SWIFT_VERSION = 3.0;
			};
			name = Debug;
		};
		E2253B2E1ED40D580080C06D /* Release */ = {
			isa = XCBuildConfiguration;
			buildSettings = {
				ASSETCATALOG_COMPILER_APPICON_NAME = AppIcon;
				INFOPLIST_FILE = "Tabbed Library/Info.plist";
				LD_RUNPATH_SEARCH_PATHS = "$(inherited) @executable_path/Frameworks";
				PRODUCT_BUNDLE_IDENTIFIER = "com.zgpeace.Tabbed-Library";
				PRODUCT_NAME = "$(TARGET_NAME)";
				SWIFT_VERSION = 3.0;
			};
			name = Release;
		};
		E2253B301ED40D580080C06D /* Debug */ = {
			isa = XCBuildConfiguration;
			buildSettings = {
				ALWAYS_EMBED_SWIFT_STANDARD_LIBRARIES = YES;
				BUNDLE_LOADER = "$(TEST_HOST)";
				INFOPLIST_FILE = "Tabbed LibraryTests/Info.plist";
				LD_RUNPATH_SEARCH_PATHS = "$(inherited) @executable_path/Frameworks @loader_path/Frameworks";
				PRODUCT_BUNDLE_IDENTIFIER = "com.zgpeace.Tabbed-LibraryTests";
				PRODUCT_NAME = "$(TARGET_NAME)";
				SWIFT_VERSION = 3.0;
				TEST_HOST = "$(BUILT_PRODUCTS_DIR)/Tabbed Library.app/Tabbed Library";
			};
			name = Debug;
		};
		E2253B311ED40D580080C06D /* Release */ = {
			isa = XCBuildConfiguration;
			buildSettings = {
				ALWAYS_EMBED_SWIFT_STANDARD_LIBRARIES = YES;
				BUNDLE_LOADER = "$(TEST_HOST)";
				INFOPLIST_FILE = "Tabbed LibraryTests/Info.plist";
				LD_RUNPATH_SEARCH_PATHS = "$(inherited) @executable_path/Frameworks @loader_path/Frameworks";
				PRODUCT_BUNDLE_IDENTIFIER = "com.zgpeace.Tabbed-LibraryTests";
				PRODUCT_NAME = "$(TARGET_NAME)";
				SWIFT_VERSION = 3.0;
				TEST_HOST = "$(BUILT_PRODUCTS_DIR)/Tabbed Library.app/Tabbed Library";
			};
			name = Release;
		};
		E2253B331ED40D580080C06D /* Debug */ = {
			isa = XCBuildConfiguration;
			buildSettings = {
				ALWAYS_EMBED_SWIFT_STANDARD_LIBRARIES = YES;
				INFOPLIST_FILE = "Tabbed LibraryUITests/Info.plist";
				LD_RUNPATH_SEARCH_PATHS = "$(inherited) @executable_path/Frameworks @loader_path/Frameworks";
				PRODUCT_BUNDLE_IDENTIFIER = "com.zgpeace.Tabbed-LibraryUITests";
				PRODUCT_NAME = "$(TARGET_NAME)";
				SWIFT_VERSION = 3.0;
				TEST_TARGET_NAME = "Tabbed Library";
			};
			name = Debug;
		};
		E2253B341ED40D580080C06D /* Release */ = {
			isa = XCBuildConfiguration;
			buildSettings = {
				ALWAYS_EMBED_SWIFT_STANDARD_LIBRARIES = YES;
				INFOPLIST_FILE = "Tabbed LibraryUITests/Info.plist";
				LD_RUNPATH_SEARCH_PATHS = "$(inherited) @executable_path/Frameworks @loader_path/Frameworks";
				PRODUCT_BUNDLE_IDENTIFIER = "com.zgpeace.Tabbed-LibraryUITests";
				PRODUCT_NAME = "$(TARGET_NAME)";
				SWIFT_VERSION = 3.0;
				TEST_TARGET_NAME = "Tabbed Library";
			};
			name = Release;
		};
/* End XCBuildConfiguration section */

/* Begin XCConfigurationList section */
		E2253AFF1ED40D580080C06D /* Build configuration list for PBXProject "Tabbed Library" */ = {
			isa = XCConfigurationList;
			buildConfigurations = (
				E2253B2A1ED40D580080C06D /* Debug */,
				E2253B2B1ED40D580080C06D /* Release */,
			);
			defaultConfigurationIsVisible = 0;
			defaultConfigurationName = Release;
		};
		E2253B2C1ED40D580080C06D /* Build configuration list for PBXNativeTarget "Tabbed Library" */ = {
			isa = XCConfigurationList;
			buildConfigurations = (
				E2253B2D1ED40D580080C06D /* Debug */,
				E2253B2E1ED40D580080C06D /* Release */,
			);
			defaultConfigurationIsVisible = 0;
		};
		E2253B2F1ED40D580080C06D /* Build configuration list for PBXNativeTarget "Tabbed LibraryTests" */ = {
			isa = XCConfigurationList;
			buildConfigurations = (
				E2253B301ED40D580080C06D /* Debug */,
				E2253B311ED40D580080C06D /* Release */,
			);
			defaultConfigurationIsVisible = 0;
		};
		E2253B321ED40D580080C06D /* Build configuration list for PBXNativeTarget "Tabbed LibraryUITests" */ = {
			isa = XCConfigurationList;
			buildConfigurations = (
				E2253B331ED40D580080C06D /* Debug */,
				E2253B341ED40D580080C06D /* Release */,
			);
			defaultConfigurationIsVisible = 0;
		};
/* End XCConfigurationList section */
	};
	rootObject = E2253AFC1ED40D580080C06D /* Project object */;
}
